
Microsoft Visual Studio Solution File, Format Version 12.00
# Visual Studio Version 16
VisualStudioVersion = 16.0.30804.86
MinimumVisualStudioVersion = 10.0.40219.1
Project("{9A19103F-16F7-4668-BE54-9A1E7A4F7556}") = "TestDotNetCoreWithReact", "TestDotNetCoreWithReact\TestDotNetCoreWithReact.csproj", "{1EFFEBB4-2916-458F-AF44-F6EBF7F27211}"
EndProject
Project("{FAE04EC0-301F-11D3-BF4B-00C04F79EFBC}") = "XUnitTestDotNet", "XUnitTestDotNet\XUnitTestDotNet.csproj", "{5FA80EC4-B1F2-4348-98EA-400301DE4632}"
EndProject
Global
	GlobalSection(SolutionConfigurationPlatforms) = preSolution
		Debug|Any CPU = Debug|Any CPU
		Release|Any CPU = Release|Any CPU
	EndGlobalSection
	GlobalSection(ProjectConfigurationPlatforms) = postSolution
		{1EFFEBB4-2916-458F-AF44-F6EBF7F27211}.Debug|Any CPU.ActiveCfg = Debug|Any CPU
		{1EFFEBB4-2916-458F-AF44-F6EBF7F27211}.Debug|Any CPU.Build.0 = Debug|Any CPU
		{1EFFEBB4-2916-458F-AF44-F6EBF7F27211}.Release|Any CPU.ActiveCfg = Release|Any CPU
		{1EFFEBB4-2916-458F-AF44-F6EBF7F27211}.Release|Any CPU.Build.0 = Release|Any CPU
		{5FA80EC4-B1F2-4348-98EA-400301DE4632}.Debug|Any CPU.ActiveCfg = Debug|Any CPU
		{5FA80EC4-B1F2-4348-98EA-400301DE4632}.Debug|Any CPU.Build.0 = Debug|Any CPU
		{5FA80EC4-B1F2-4348-98EA-400301DE4632}.Release|Any CPU.ActiveCfg = Release|Any CPU
		{5FA80EC4-B1F2-4348-98EA-400301DE4632}.Release|Any CPU.Build.0 = Release|Any CPU
	EndGlobalSection
	GlobalSection(SolutionProperties) = preSolution
		HideSolutionNode = FALSE
	EndGlobalSection
	GlobalSection(ExtensibilityGlobals) = postSolution
		SolutionGuid = {BC67556F-0EC4-44DA-BAA3-EDC29E42E850}
	EndGlobalSection
EndGlobal
